
Microsoft Visual Studio Solution File, Format Version 12.00
# Visual Studio Version 17
VisualStudioVersion = 17.7.34202.233
MinimumVisualStudioVersion = 10.0.40219.1
Project("{FAE04EC0-301F-11D3-BF4B-00C04F79EFBC}") = "RevitBatchExporter.Frontend", "RevitBatchExporter.Frontend\RevitBatchExporter.Frontend.csproj", "{D89D5254-F1E7-42FF-AD6C-9427DCB68B91}"
EndProject
Project("{FAE04EC0-301F-11D3-BF4B-00C04F79EFBC}") = "RevitBatchExporter.Domain", "RevitBatchExporter.Domain\RevitBatchExporter.Domain.csproj", "{12B9DD23-7EF5-4FA6-95DC-E15DF1364184}"
EndProject
Project("{FAE04EC0-301F-11D3-BF4B-00C04F79EFBC}") = "RevitBatchExporter.EntityFramework", "RevitBatchExporter.EntityFramework\RevitBatchExporter.EntityFramework.csproj", "{70A6688C-4609-4CF9-97E2-4CC1E3551F49}"
EndProject
Global
	GlobalSection(SolutionConfigurationPlatforms) = preSolution
		Debug|Any CPU = Debug|Any CPU
		Release|Any CPU = Release|Any CPU
	EndGlobalSection
	GlobalSection(ProjectConfigurationPlatforms) = postSolution
		{D89D5254-F1E7-42FF-AD6C-9427DCB68B91}.Debug|Any CPU.ActiveCfg = Debug|Any CPU
		{D89D5254-F1E7-42FF-AD6C-9427DCB68B91}.Debug|Any CPU.Build.0 = Debug|Any CPU
		{D89D5254-F1E7-42FF-AD6C-9427DCB68B91}.Release|Any CPU.ActiveCfg = Release|Any CPU
		{D89D5254-F1E7-42FF-AD6C-9427DCB68B91}.Release|Any CPU.Build.0 = Release|Any CPU
		{12B9DD23-7EF5-4FA6-95DC-E15DF1364184}.Debug|Any CPU.ActiveCfg = Debug|Any CPU
		{12B9DD23-7EF5-4FA6-95DC-E15DF1364184}.Debug|Any CPU.Build.0 = Debug|Any CPU
		{12B9DD23-7EF5-4FA6-95DC-E15DF1364184}.Release|Any CPU.ActiveCfg = Release|Any CPU
		{12B9DD23-7EF5-4FA6-95DC-E15DF1364184}.Release|Any CPU.Build.0 = Release|Any CPU
		{70A6688C-4609-4CF9-97E2-4CC1E3551F49}.Debug|Any CPU.ActiveCfg = Debug|Any CPU
		{70A6688C-4609-4CF9-97E2-4CC1E3551F49}.Debug|Any CPU.Build.0 = Debug|Any CPU
		{70A6688C-4609-4CF9-97E2-4CC1E3551F49}.Release|Any CPU.ActiveCfg = Release|Any CPU
		{70A6688C-4609-4CF9-97E2-4CC1E3551F49}.Release|Any CPU.Build.0 = Release|Any CPU
	EndGlobalSection
	GlobalSection(SolutionProperties) = preSolution
		HideSolutionNode = FALSE
	EndGlobalSection
	GlobalSection(ExtensibilityGlobals) = postSolution
		SolutionGuid = {254B4D8B-F23D-4B93-B8F1-899C420A8294}
	EndGlobalSection
EndGlobal
